// !$*UTF8*$!
{
	archiveVersion = 1;
	classes = {
	};
	objectVersion = 70;
	objects = {

/* Begin PBXBuildFile section */
		2F1294D82F5D7B29009FF090 /* WidgetKit.framework in Frameworks */ = {isa = PBXBuildFile; fileRef = 2F1294D72F5D7B29009FF090 /* WidgetKit.framework */; };
		2F1294DA2F5D7B29009FF090 /* SwiftUI.framework in Frameworks */ = {isa = PBXBuildFile; fileRef = 2F1294D92F5D7B29009FF090 /* SwiftUI.framework */; };
		2F1294EB2F5D7B2A009FF090 /* dk.hilli.GiantLogger.widget-iosExtension.appex in Embed Foundation Extensions */ = {isa = PBXBuildFile; fileRef = 2F1294D52F5D7B29009FF090 /* dk.hilli.GiantLogger.widget-iosExtension.appex */; settings = {ATTRIBUTES = (RemoveHeadersOnCopy, ); }; };
		2F1297672F5DBFF7009FF090 /* GiantLogger Watch App Watch App.app in Embed Watch Content */ = {isa = PBXBuildFile; fileRef = 2F12975D2F5DBFF5009FF090 /* GiantLogger Watch App Watch App.app */; settings = {ATTRIBUTES = (RemoveHeadersOnCopy, ); }; };
		2F54197A2F5F37FC00138852 /* WidgetKit.framework in Frameworks */ = {isa = PBXBuildFile; fileRef = 2F1294D72F5D7B29009FF090 /* WidgetKit.framework */; };
		2F54197B2F5F37FC00138852 /* SwiftUI.framework in Frameworks */ = {isa = PBXBuildFile; fileRef = 2F1294D92F5D7B29009FF090 /* SwiftUI.framework */; };
		2F5419882F5F37FD00138852 /* GiantLoggetWatchWidgetsExtension.appex in Embed Foundation Extensions */ = {isa = PBXBuildFile; fileRef = 2F5419792F5F37FC00138852 /* GiantLoggetWatchWidgetsExtension.appex */; settings = {ATTRIBUTES = (RemoveHeadersOnCopy, ); }; };
/* End PBXBuildFile section */

/* Begin PBXContainerItemProxy section */
		2F1294E92F5D7B2A009FF090 /* PBXContainerItemProxy */ = {
			isa = PBXContainerItemProxy;
			containerPortal = PRJ000000000000000000001 /* Project object */;
			proxyType = 1;
			remoteGlobalIDString = 2F1294D42F5D7B29009FF090;
			remoteInfo = "dk.hilli.GiantLogger.widget-iosExtension";
		};
		2F1297652F5DBFF7009FF090 /* PBXContainerItemProxy */ = {
			isa = PBXContainerItemProxy;
			containerPortal = PRJ000000000000000000001 /* Project object */;
			proxyType = 1;
			remoteGlobalIDString = 2F12975C2F5DBFF5009FF090;
			remoteInfo = "GiantLogger Watch App Watch App";
		};
		2F5419862F5F37FD00138852 /* PBXContainerItemProxy */ = {
			isa = PBXContainerItemProxy;
			containerPortal = PRJ000000000000000000001 /* Project object */;
			proxyType = 1;
			remoteGlobalIDString = 2F5419782F5F37FC00138852;
			remoteInfo = GiantLoggetWatchWidgetsExtension;
		};
/* End PBXContainerItemProxy section */

/* Begin PBXCopyFilesBuildPhase section */
		2F1294F02F5D7B2A009FF090 /* Embed Foundation Extensions */ = {
			isa = PBXCopyFilesBuildPhase;
			buildActionMask = 2147483647;
			dstPath = "";
			dstSubfolderSpec = 13;
			files = (
				2F1294EB2F5D7B2A009FF090 /* dk.hilli.GiantLogger.widget-iosExtension.appex in Embed Foundation Extensions */,
			);
			name = "Embed Foundation Extensions";
			runOnlyForDeploymentPostprocessing = 0;
		};
		2F1297682F5DBFF7009FF090 /* Embed Watch Content */ = {
			isa = PBXCopyFilesBuildPhase;
			buildActionMask = 2147483647;
			dstPath = "$(CONTENTS_FOLDER_PATH)/Watch";
			dstSubfolderSpec = 16;
			files = (
				2F1297672F5DBFF7009FF090 /* GiantLogger Watch App Watch App.app in Embed Watch Content */,
			);
			name = "Embed Watch Content";
			runOnlyForDeploymentPostprocessing = 0;
		};
		2F129FA72F5F34AB009FF090 /* Embed Foundation Extensions */ = {
			isa = PBXCopyFilesBuildPhase;
			buildActionMask = 2147483647;
			dstPath = "";
			dstSubfolderSpec = 13;
			files = (
				2F5419882F5F37FD00138852 /* GiantLoggetWatchWidgetsExtension.appex in Embed Foundation Extensions */,
			);
			name = "Embed Foundation Extensions";
			runOnlyForDeploymentPostprocessing = 0;
		};
/* End PBXCopyFilesBuildPhase section */

/* Begin PBXFileReference section */
		2F1294D52F5D7B29009FF090 /* dk.hilli.GiantLogger.widget-iosExtension.appex */ = {isa = PBXFileReference; explicitFileType = "wrapper.app-extension"; includeInIndex = 0; path = "dk.hilli.GiantLogger.widget-iosExtension.appex"; sourceTree = BUILT_PRODUCTS_DIR; };
		2F1294D72F5D7B29009FF090 /* WidgetKit.framework */ = {isa = PBXFileReference; lastKnownFileType = wrapper.framework; name = WidgetKit.framework; path = System/Library/Frameworks/WidgetKit.framework; sourceTree = SDKROOT; };
		2F1294D92F5D7B29009FF090 /* SwiftUI.framework */ = {isa = PBXFileReference; lastKnownFileType = wrapper.framework; name = SwiftUI.framework; path = System/Library/Frameworks/SwiftUI.framework; sourceTree = SDKROOT; };
		2F12975D2F5DBFF5009FF090 /* GiantLogger Watch App Watch App.app */ = {isa = PBXFileReference; explicitFileType = wrapper.application; includeInIndex = 0; path = "GiantLogger Watch App Watch App.app"; sourceTree = BUILT_PRODUCTS_DIR; };
		2F5419792F5F37FC00138852 /* GiantLoggetWatchWidgetsExtension.appex */ = {isa = PBXFileReference; explicitFileType = "wrapper.app-extension"; includeInIndex = 0; path = GiantLoggetWatchWidgetsExtension.appex; sourceTree = BUILT_PRODUCTS_DIR; };
		APP00000000000000000001 /* GiantLogger.app */ = {isa = PBXFileReference; explicitFileType = wrapper.application; includeInIndex = 0; path = GiantLogger.app; sourceTree = BUILT_PRODUCTS_DIR; };
/* End PBXFileReference section */

/* Begin PBXFileSystemSynchronizedBuildFileExceptionSet section */
		2F1294EF2F5D7B2A009FF090 /* PBXFileSystemSynchronizedBuildFileExceptionSet */ = {
			isa = PBXFileSystemSynchronizedBuildFileExceptionSet;
			membershipExceptions = (
				Info.plist,
			);
			target = 2F1294D42F5D7B29009FF090 /* dk.hilli.GiantLogger.widget-iosExtension */;
		};
		2F1294F22F5D7BD0009FF090 /* PBXFileSystemSynchronizedBuildFileExceptionSet */ = {
			isa = PBXFileSystemSynchronizedBuildFileExceptionSet;
			membershipExceptions = (
				LiveActivity/RideActivityAttributes.swift,
			);
			target = 2F1294D42F5D7B29009FF090 /* dk.hilli.GiantLogger.widget-iosExtension */;
		};
		2F1296492F5D83D8009FF090 /* PBXFileSystemSynchronizedBuildFileExceptionSet */ = {
			isa = PBXFileSystemSynchronizedBuildFileExceptionSet;
			membershipExceptions = (
				LastRideWidget.swift,
				RideLiveActivity.swift,
			);
			target = TGT000000000000000000001 /* GiantLogger */;
		};
		2F54198C2F5F37FD00138852 /* PBXFileSystemSynchronizedBuildFileExceptionSet */ = {
			isa = PBXFileSystemSynchronizedBuildFileExceptionSet;
			membershipExceptions = (
				Info.plist,
			);
			target = 2F5419782F5F37FC00138852 /* GiantLoggetWatchWidgetsExtension */;
		};
		EXC000000000000000000001 /* PBXFileSystemSynchronizedBuildFileExceptionSet */ = {
			isa = PBXFileSystemSynchronizedBuildFileExceptionSet;
			membershipExceptions = (
				Info.plist,
			);
			target = TGT000000000000000000001 /* GiantLogger */;
		};
/* End PBXFileSystemSynchronizedBuildFileExceptionSet section */

/* Begin PBXFileSystemSynchronizedRootGroup section */
		2F1294DB2F5D7B29009FF090 /* dk.hilli.GiantLogger.widget-ios */ = {isa = PBXFileSystemSynchronizedRootGroup; exceptions = (2F1296492F5D83D8009FF090 /* PBXFileSystemSynchronizedBuildFileExceptionSet */, 2F1294EF2F5D7B2A009FF090 /* PBXFileSystemSynchronizedBuildFileExceptionSet */, ); explicitFileTypes = {}; explicitFolders = (); path = "dk.hilli.GiantLogger.widget-ios"; sourceTree = "<group>"; };
		2F12975E2F5DBFF5009FF090 /* GiantLogger Watch App Watch App */ = {isa = PBXFileSystemSynchronizedRootGroup; explicitFileTypes = {}; explicitFolders = (); path = "GiantLogger Watch App Watch App"; sourceTree = "<group>"; };
		2F129F982F5F34AA009FF090 /* GiantLogger Watch App */ = {isa = PBXFileSystemSynchronizedRootGroup; explicitFileTypes = {}; explicitFolders = (); path = "GiantLogger Watch App"; sourceTree = "<group>"; };
		2F54197C2F5F37FC00138852 /* GiantLoggetWatchWidgets */ = {isa = PBXFileSystemSynchronizedRootGroup; exceptions = (2F54198C2F5F37FD00138852 /* PBXFileSystemSynchronizedBuildFileExceptionSet */, ); explicitFileTypes = {}; explicitFolders = (); path = GiantLoggetWatchWidgets; sourceTree = "<group>"; };
		SRC000000000000000000001 /* GiantLogger */ = {isa = PBXFileSystemSynchronizedRootGroup; exceptions = (EXC000000000000000000001 /* PBXFileSystemSynchronizedBuildFileExceptionSet */, 2F1294F22F5D7BD0009FF090 /* PBXFileSystemSynchronizedBuildFileExceptionSet */, ); explicitFileTypes = {}; explicitFolders = (); path = GiantLogger; sourceTree = "<group>"; };
/* End PBXFileSystemSynchronizedRootGroup section */

/* Begin PBXFrameworksBuildPhase section */
		2F1294D22F5D7B29009FF090 /* Frameworks */ = {
			isa = PBXFrameworksBuildPhase;
			buildActionMask = 2147483647;
			files = (
				2F1294DA2F5D7B29009FF090 /* SwiftUI.framework in Frameworks */,
				2F1294D82F5D7B29009FF090 /* WidgetKit.framework in Frameworks */,
			);
			runOnlyForDeploymentPostprocessing = 0;
		};
		2F12975A2F5DBFF5009FF090 /* Frameworks */ = {
			isa = PBXFrameworksBuildPhase;
			buildActionMask = 2147483647;
			files = (
			);
			runOnlyForDeploymentPostprocessing = 0;
		};
		2F5419762F5F37FC00138852 /* Frameworks */ = {
			isa = PBXFrameworksBuildPhase;
			buildActionMask = 2147483647;
			files = (
				2F54197B2F5F37FC00138852 /* SwiftUI.framework in Frameworks */,
				2F54197A2F5F37FC00138852 /* WidgetKit.framework in Frameworks */,
			);
			runOnlyForDeploymentPostprocessing = 0;
		};
		FRM000000000000000000001 /* Frameworks */ = {
			isa = PBXFrameworksBuildPhase;
			buildActionMask = 2147483647;
			files = (
			);
			runOnlyForDeploymentPostprocessing = 0;
		};
/* End PBXFrameworksBuildPhase section */

/* Begin PBXGroup section */
		2F1294D62F5D7B29009FF090 /* Frameworks */ = {
			isa = PBXGroup;
			children = (
				2F1294D72F5D7B29009FF090 /* WidgetKit.framework */,
				2F1294D92F5D7B29009FF090 /* SwiftUI.framework */,
			);
			name = Frameworks;
			sourceTree = "<group>";
		};
		PRD000000000000000000001 /* Products */ = {
			isa = PBXGroup;
			children = (
				APP00000000000000000001 /* GiantLogger.app */,
				2F1294D52F5D7B29009FF090 /* dk.hilli.GiantLogger.widget-iosExtension.appex */,
				2F12975D2F5DBFF5009FF090 /* GiantLogger Watch App Watch App.app */,
				2F5419792F5F37FC00138852 /* GiantLoggetWatchWidgetsExtension.appex */,
			);
			name = Products;
			sourceTree = "<group>";
		};
		ROOT0000000000000000001 = {
			isa = PBXGroup;
			children = (
				SRC000000000000000000001 /* GiantLogger */,
				2F1294DB2F5D7B29009FF090 /* dk.hilli.GiantLogger.widget-ios */,
				2F12975E2F5DBFF5009FF090 /* GiantLogger Watch App Watch App */,
				2F129F982F5F34AA009FF090 /* GiantLogger Watch App */,
				2F54197C2F5F37FC00138852 /* GiantLoggetWatchWidgets */,
				2F1294D62F5D7B29009FF090 /* Frameworks */,
				PRD000000000000000000001 /* Products */,
			);
			sourceTree = "<group>";
		};
/* End PBXGroup section */

/* Begin PBXNativeTarget section */
		2F1294D42F5D7B29009FF090 /* dk.hilli.GiantLogger.widget-iosExtension */ = {
			isa = PBXNativeTarget;
			buildConfigurationList = 2F1294EC2F5D7B2A009FF090 /* Build configuration list for PBXNativeTarget "dk.hilli.GiantLogger.widget-iosExtension" */;
			buildPhases = (
				2F1294D12F5D7B29009FF090 /* Sources */,
				2F1294D22F5D7B29009FF090 /* Frameworks */,
				2F1294D32F5D7B29009FF090 /* Resources */,
			);
			buildRules = (
			);
			dependencies = (
			);
			fileSystemSynchronizedGroups = (
				2F1294DB2F5D7B29009FF090 /* dk.hilli.GiantLogger.widget-ios */,
			);
			name = "dk.hilli.GiantLogger.widget-iosExtension";
			packageProductDependencies = (
			);
			productName = "dk.hilli.GiantLogger.widget-iosExtension";
			productReference = 2F1294D52F5D7B29009FF090 /* dk.hilli.GiantLogger.widget-iosExtension.appex */;
			productType = "com.apple.product-type.app-extension";
		};
		2F12975C2F5DBFF5009FF090 /* GiantLogger Watch App Watch App */ = {
			isa = PBXNativeTarget;
			buildConfigurationList = 2F12976B2F5DBFF7009FF090 /* Build configuration list for PBXNativeTarget "GiantLogger Watch App Watch App" */;
			buildPhases = (
				2F1297592F5DBFF5009FF090 /* Sources */,
				2F12975A2F5DBFF5009FF090 /* Frameworks */,
				2F12975B2F5DBFF5009FF090 /* Resources */,
				2F129FA72F5F34AB009FF090 /* Embed Foundation Extensions */,
			);
			buildRules = (
			);
			dependencies = (
				2F5419872F5F37FD00138852 /* PBXTargetDependency */,
			);
			fileSystemSynchronizedGroups = (
				2F12975E2F5DBFF5009FF090 /* GiantLogger Watch App Watch App */,
			);
			name = "GiantLogger Watch App Watch App";
			packageProductDependencies = (
			);
			productName = "GiantLogger Watch App Watch App";
			productReference = 2F12975D2F5DBFF5009FF090 /* GiantLogger Watch App Watch App.app */;
			productType = "com.apple.product-type.application";
		};
		2F5419782F5F37FC00138852 /* GiantLoggetWatchWidgetsExtension */ = {
			isa = PBXNativeTarget;
			buildConfigurationList = 2F5419892F5F37FD00138852 /* Build configuration list for PBXNativeTarget "GiantLoggetWatchWidgetsExtension" */;
			buildPhases = (
				2F5419752F5F37FC00138852 /* Sources */,
				2F5419762F5F37FC00138852 /* Frameworks */,
				2F5419772F5F37FC00138852 /* Resources */,
			);
			buildRules = (
			);
			dependencies = (
			);
			fileSystemSynchronizedGroups = (
				2F54197C2F5F37FC00138852 /* GiantLoggetWatchWidgets */,
			);
			name = GiantLoggetWatchWidgetsExtension;
			packageProductDependencies = (
			);
			productName = GiantLoggetWatchWidgetsExtension;
			productReference = 2F5419792F5F37FC00138852 /* GiantLoggetWatchWidgetsExtension.appex */;
			productType = "com.apple.product-type.app-extension";
		};
		TGT000000000000000000001 /* GiantLogger */ = {
			isa = PBXNativeTarget;
			buildConfigurationList = BCL000000000000000000002 /* Build configuration list for PBXNativeTarget "GiantLogger" */;
			buildPhases = (
				SRC000000000000000000002 /* Sources */,
				FRM000000000000000000001 /* Frameworks */,
				RES000000000000000000001 /* Resources */,
				2F1294F02F5D7B2A009FF090 /* Embed Foundation Extensions */,
				2F1297682F5DBFF7009FF090 /* Embed Watch Content */,
			);
			buildRules = (
			);
			dependencies = (
				2F1294EA2F5D7B2A009FF090 /* PBXTargetDependency */,
				2F1297662F5DBFF7009FF090 /* PBXTargetDependency */,
			);
			fileSystemSynchronizedGroups = (
				SRC000000000000000000001 /* GiantLogger */,
			);
			name = GiantLogger;
			packageProductDependencies = (
			);
			productName = GiantLogger;
			productReference = APP00000000000000000001 /* GiantLogger.app */;
			productType = "com.apple.product-type.application";
		};
/* End PBXNativeTarget section */

/* Begin PBXProject section */
		PRJ000000000000000000001 /* Project object */ = {
			isa = PBXProject;
			attributes = {
				BuildIndependentTargetsInParallel = 1;
				LastSwiftUpdateCheck = 2630;
				LastUpgradeCheck = 1620;
				TargetAttributes = {
					2F1294D42F5D7B29009FF090 = {
						CreatedOnToolsVersion = 26.3;
					};
					2F12975C2F5DBFF5009FF090 = {
						CreatedOnToolsVersion = 26.3;
					};
					2F5419782F5F37FC00138852 = {
						CreatedOnToolsVersion = 26.3;
					};
					TGT000000000000000000001 = {
						CreatedOnToolsVersion = 16.2;
					};
				};
			};
			buildConfigurationList = BCL000000000000000000001 /* Build configuration list for PBXProject "GiantLogger" */;
			compatibilityVersion = "Xcode 14.0";
			developmentRegion = en;
			hasScannedForEncodings = 0;
			knownRegions = (
				en,
				Base,
			);
			mainGroup = ROOT0000000000000000001;
			productRefGroup = PRD000000000000000000001 /* Products */;
			projectDirPath = "";
			projectRoot = "";
			targets = (
				TGT000000000000000000001 /* GiantLogger */,
				2F1294D42F5D7B29009FF090 /* dk.hilli.GiantLogger.widget-iosExtension */,
				2F12975C2F5DBFF5009FF090 /* GiantLogger Watch App Watch App */,
				2F5419782F5F37FC00138852 /* GiantLoggetWatchWidgetsExtension */,
			);
		};
/* End PBXProject section */

/* Begin PBXResourcesBuildPhase section */
		2F1294D32F5D7B29009FF090 /* Resources */ = {
			isa = PBXResourcesBuildPhase;
			buildActionMask = 2147483647;
			files = (
			);
			runOnlyForDeploymentPostprocessing = 0;
		};
		2F12975B2F5DBFF5009FF090 /* Resources */ = {
			isa = PBXResourcesBuildPhase;
			buildActionMask = 2147483647;
			files = (
			);
			runOnlyForDeploymentPostprocessing = 0;
		};
		2F5419772F5F37FC00138852 /* Resources */ = {
			isa = PBXResourcesBuildPhase;
			buildActionMask = 2147483647;
			files = (
			);
			runOnlyForDeploymentPostprocessing = 0;
		};
		RES000000000000000000001 /* Resources */ = {
			isa = PBXResourcesBuildPhase;
			buildActionMask = 2147483647;
			files = (
			);
			runOnlyForDeploymentPostprocessing = 0;
		};
/* End PBXResourcesBuildPhase section */

/* Begin PBXSourcesBuildPhase section */
		2F1294D12F5D7B29009FF090 /* Sources */ = {
			isa = PBXSourcesBuildPhase;
			buildActionMask = 2147483647;
			files = (
			);
			runOnlyForDeploymentPostprocessing = 0;
		};
		2F1297592F5DBFF5009FF090 /* Sources */ = {
			isa = PBXSourcesBuildPhase;
			buildActionMask = 2147483647;
			files = (
			);
			runOnlyForDeploymentPostprocessing = 0;
		};
		2F5419752F5F37FC00138852 /* Sources */ = {
			isa = PBXSourcesBuildPhase;
			buildActionMask = 2147483647;
			files = (
			);
			runOnlyForDeploymentPostprocessing = 0;
		};
		SRC000000000000000000002 /* Sources */ = {
			isa = PBXSourcesBuildPhase;
			buildActionMask = 2147483647;
			files = (
			);
			runOnlyForDeploymentPostprocessing = 0;
		};
/* End PBXSourcesBuildPhase section */

/* Begin PBXTargetDependency section */
		2F1294EA2F5D7B2A009FF090 /* PBXTargetDependency */ = {
			isa = PBXTargetDependency;
			target = 2F1294D42F5D7B29009FF090 /* dk.hilli.GiantLogger.widget-iosExtension */;
			targetProxy = 2F1294E92F5D7B2A009FF090 /* PBXContainerItemProxy */;
		};
		2F1297662F5DBFF7009FF090 /* PBXTargetDependency */ = {
			isa = PBXTargetDependency;
			target = 2F12975C2F5DBFF5009FF090 /* GiantLogger Watch App Watch App */;
			targetProxy = 2F1297652F5DBFF7009FF090 /* PBXContainerItemProxy */;
		};
		2F5419872F5F37FD00138852 /* PBXTargetDependency */ = {
			isa = PBXTargetDependency;
			target = 2F5419782F5F37FC00138852 /* GiantLoggetWatchWidgetsExtension */;
			targetProxy = 2F5419862F5F37FD00138852 /* PBXContainerItemProxy */;
		};
/* End PBXTargetDependency section */

/* Begin XCBuildConfiguration section */
		2F1294ED2F5D7B2A009FF090 /* Debug */ = {
			isa = XCBuildConfiguration;
			buildSettings = {
				ASSETCATALOG_COMPILER_GLOBAL_ACCENT_COLOR_NAME = AccentColor;
				ASSETCATALOG_COMPILER_WIDGET_BACKGROUND_COLOR_NAME = WidgetBackground;
				CODE_SIGN_ENTITLEMENTS = "dk.hilli.GiantLogger.widget-ios/dk.hilli.GiantLogger.widget-ios.entitlements";
				CODE_SIGN_IDENTITY = "Apple Development";
				CODE_SIGN_STYLE = Automatic;
				CURRENT_PROJECT_VERSION = 1;
				DEVELOPMENT_TEAM = 7NLS34A7F5;
				GENERATE_INFOPLIST_FILE = YES;
				INFOPLIST_FILE = "dk.hilli.GiantLogger.widget-ios/Info.plist";
				INFOPLIST_KEY_CFBundleDisplayName = "dk.hilli.GiantLogger.widget-ios";
				INFOPLIST_KEY_NSHumanReadableCopyright = "";
				IPHONEOS_DEPLOYMENT_TARGET = 26.2;
				LD_RUNPATH_SEARCH_PATHS = (
					"$(inherited)",
					"@executable_path/Frameworks",
					"@executable_path/../../Frameworks",
				);
				MARKETING_VERSION = 1.0;
				PRODUCT_BUNDLE_IDENTIFIER = "dk.hilli.GiantLogger.dk-hilli-GiantLogger-widget-ios";
				PRODUCT_NAME = "$(TARGET_NAME)";
				PROVISIONING_PROFILE_SPECIFIER = "";
				SKIP_INSTALL = YES;
				STRING_CATALOG_GENERATE_SYMBOLS = YES;
				SWIFT_APPROACHABLE_CONCURRENCY = YES;
				SWIFT_EMIT_LOC_STRINGS = YES;
				SWIFT_UPCOMING_FEATURE_MEMBER_IMPORT_VISIBILITY = YES;
				SWIFT_VERSION = 5.0;
				TARGETED_DEVICE_FAMILY = "1,2";
			};
			name = Debug;
		};
		2F1294EE2F5D7B2A009FF090 /* Release */ = {
			isa = XCBuildConfiguration;
			buildSettings = {
				ASSETCATALOG_COMPILER_GLOBAL_ACCENT_COLOR_NAME = AccentColor;
				ASSETCATALOG_COMPILER_WIDGET_BACKGROUND_COLOR_NAME = WidgetBackground;
				CODE_SIGN_ENTITLEMENTS = "dk.hilli.GiantLogger.widget-ios/dk.hilli.GiantLogger.widget-ios.entitlements";
				CODE_SIGN_IDENTITY = "Apple Development";
				CODE_SIGN_STYLE = Automatic;
				CURRENT_PROJECT_VERSION = 1;
				DEVELOPMENT_TEAM = 7NLS34A7F5;
				GENERATE_INFOPLIST_FILE = YES;
				INFOPLIST_FILE = "dk.hilli.GiantLogger.widget-ios/Info.plist";
				INFOPLIST_KEY_CFBundleDisplayName = "dk.hilli.GiantLogger.widget-ios";
				INFOPLIST_KEY_NSHumanReadableCopyright = "";
				IPHONEOS_DEPLOYMENT_TARGET = 26.2;
				LD_RUNPATH_SEARCH_PATHS = (
					"$(inherited)",
					"@executable_path/Frameworks",
					"@executable_path/../../Frameworks",
				);
				MARKETING_VERSION = 1.0;
				PRODUCT_BUNDLE_IDENTIFIER = "dk.hilli.GiantLogger.dk-hilli-GiantLogger-widget-ios";
				PRODUCT_NAME = "$(TARGET_NAME)";
				PROVISIONING_PROFILE_SPECIFIER = "";
				SKIP_INSTALL = YES;
				STRING_CATALOG_GENERATE_SYMBOLS = YES;
				SWIFT_APPROACHABLE_CONCURRENCY = YES;
				SWIFT_EMIT_LOC_STRINGS = YES;
				SWIFT_UPCOMING_FEATURE_MEMBER_IMPORT_VISIBILITY = YES;
				SWIFT_VERSION = 5.0;
				TARGETED_DEVICE_FAMILY = "1,2";
			};
			name = Release;
		};
		2F1297692F5DBFF7009FF090 /* Debug */ = {
			isa = XCBuildConfiguration;
			buildSettings = {
				ASSETCATALOG_COMPILER_APPICON_NAME = AppIcon;
				ASSETCATALOG_COMPILER_GLOBAL_ACCENT_COLOR_NAME = AccentColor;
				CODE_SIGN_ENTITLEMENTS = "GiantLogger Watch App Watch App/GiantLogger Watch App Watch App.entitlements";
				CODE_SIGN_IDENTITY = "Apple Development";
				CODE_SIGN_STYLE = Automatic;
				CURRENT_PROJECT_VERSION = 1;
				DEVELOPMENT_TEAM = 7NLS34A7F5;
				ENABLE_PREVIEWS = YES;
				GENERATE_INFOPLIST_FILE = YES;
				INFOPLIST_KEY_CFBundleDisplayName = "Giant Buddy";
				INFOPLIST_KEY_NSHealthShareUsageDescription = "Needed to read your relevant health data";
				INFOPLIST_KEY_NSHealthUpdateUsageDescription = "Giant Buddy records your heart rate during rides.";
				INFOPLIST_KEY_UISupportedInterfaceOrientations = "UIInterfaceOrientationPortrait UIInterfaceOrientationPortraitUpsideDown";
				INFOPLIST_KEY_WKCompanionAppBundleIdentifier = dk.hilli.GiantLogger;
				LD_RUNPATH_SEARCH_PATHS = (
					"$(inherited)",
					"@executable_path/Frameworks",
				);
				MARKETING_VERSION = 1.0;
				PRODUCT_BUNDLE_IDENTIFIER = dk.hilli.GiantLogger.watchkitapp;
				PRODUCT_NAME = "$(TARGET_NAME)";
				PROVISIONING_PROFILE_SPECIFIER = "";
				SDKROOT = watchos;
				SKIP_INSTALL = YES;
				STRING_CATALOG_GENERATE_SYMBOLS = YES;
				SWIFT_APPROACHABLE_CONCURRENCY = YES;
				SWIFT_DEFAULT_ACTOR_ISOLATION = MainActor;
				SWIFT_EMIT_LOC_STRINGS = YES;
				SWIFT_UPCOMING_FEATURE_MEMBER_IMPORT_VISIBILITY = YES;
				SWIFT_VERSION = 5.0;
				TARGETED_DEVICE_FAMILY = 4;
				WATCHOS_DEPLOYMENT_TARGET = 26.2;
			};
			name = Debug;
		};
		2F12976A2F5DBFF7009FF090 /* Release */ = {
			isa = XCBuildConfiguration;
			buildSettings = {
				ASSETCATALOG_COMPILER_APPICON_NAME = AppIcon;
				ASSETCATALOG_COMPILER_GLOBAL_ACCENT_COLOR_NAME = AccentColor;
				CODE_SIGN_ENTITLEMENTS = "GiantLogger Watch App Watch App/GiantLogger Watch App Watch App.entitlements";
				CODE_SIGN_IDENTITY = "Apple Development";
				CODE_SIGN_STYLE = Automatic;
				CURRENT_PROJECT_VERSION = 1;
				DEVELOPMENT_TEAM = 7NLS34A7F5;
				ENABLE_PREVIEWS = YES;
				GENERATE_INFOPLIST_FILE = YES;
				INFOPLIST_KEY_CFBundleDisplayName = "Giant Buddy";
				INFOPLIST_KEY_NSHealthShareUsageDescription = "Needed to read your relevant health data";
				INFOPLIST_KEY_NSHealthUpdateUsageDescription = "Giant Buddy records your heart rate during rides.";
				INFOPLIST_KEY_UISupportedInterfaceOrientations = "UIInterfaceOrientationPortrait UIInterfaceOrientationPortraitUpsideDown";
				INFOPLIST_KEY_WKCompanionAppBundleIdentifier = dk.hilli.GiantLogger;
				LD_RUNPATH_SEARCH_PATHS = (
					"$(inherited)",
					"@executable_path/Frameworks",
				);
				MARKETING_VERSION = 1.0;
				PRODUCT_BUNDLE_IDENTIFIER = dk.hilli.GiantLogger.watchkitapp;
				PRODUCT_NAME = "$(TARGET_NAME)";
				PROVISIONING_PROFILE_SPECIFIER = "";
				SDKROOT = watchos;
				SKIP_INSTALL = YES;
				STRING_CATALOG_GENERATE_SYMBOLS = YES;
				SWIFT_APPROACHABLE_CONCURRENCY = YES;
				SWIFT_DEFAULT_ACTOR_ISOLATION = MainActor;
				SWIFT_EMIT_LOC_STRINGS = YES;
				SWIFT_UPCOMING_FEATURE_MEMBER_IMPORT_VISIBILITY = YES;
				SWIFT_VERSION = 5.0;
				TARGETED_DEVICE_FAMILY = 4;
				WATCHOS_DEPLOYMENT_TARGET = 26.2;
			};
			name = Release;
		};
		2F54198A2F5F37FD00138852 /* Debug */ = {
			isa = XCBuildConfiguration;
			buildSettings = {
				ASSETCATALOG_COMPILER_GLOBAL_ACCENT_COLOR_NAME = AccentColor;
				ASSETCATALOG_COMPILER_WIDGET_BACKGROUND_COLOR_NAME = WidgetBackground;
				CODE_SIGN_ENTITLEMENTS = GiantLoggetWatchWidgets/GiantLoggetWatchWidgets.entitlements;
				CODE_SIGN_IDENTITY = "Apple Development";
				CODE_SIGN_STYLE = Automatic;
				CURRENT_PROJECT_VERSION = 1;
				DEVELOPMENT_TEAM = 7NLS34A7F5;
				GENERATE_INFOPLIST_FILE = YES;
				INFOPLIST_FILE = GiantLoggetWatchWidgets/Info.plist;
				INFOPLIST_KEY_CFBundleDisplayName = GiantLoggetWatchWidgets;
				INFOPLIST_KEY_NSHumanReadableCopyright = "";
				LD_RUNPATH_SEARCH_PATHS = (
					"$(inherited)",
					"@executable_path/Frameworks",
					"@executable_path/../../Frameworks",
					"@executable_path/../../../../Frameworks",
				);
				MARKETING_VERSION = 1.0;
				PRODUCT_BUNDLE_IDENTIFIER = dk.hilli.GiantLogger.watchkitapp.GiantLoggetWatchWidgets;
				PRODUCT_NAME = "$(TARGET_NAME)";
				SDKROOT = watchos;
				SKIP_INSTALL = YES;
				STRING_CATALOG_GENERATE_SYMBOLS = YES;
				SWIFT_APPROACHABLE_CONCURRENCY = YES;
				SWIFT_EMIT_LOC_STRINGS = YES;
				SWIFT_UPCOMING_FEATURE_MEMBER_IMPORT_VISIBILITY = YES;
				SWIFT_VERSION = 5.0;
				TARGETED_DEVICE_FAMILY = 4;
				WATCHOS_DEPLOYMENT_TARGET = 26.2;
			};
			name = Debug;
		};
		2F54198B2F5F37FD00138852 /* Release */ = {
			isa = XCBuildConfiguration;
			buildSettings = {
				ASSETCATALOG_COMPILER_GLOBAL_ACCENT_COLOR_NAME = AccentColor;
				ASSETCATALOG_COMPILER_WIDGET_BACKGROUND_COLOR_NAME = WidgetBackground;
				CODE_SIGN_ENTITLEMENTS = GiantLoggetWatchWidgets/GiantLoggetWatchWidgets.entitlements;
				CODE_SIGN_IDENTITY = "Apple Development";
				CODE_SIGN_STYLE = Automatic;
				CURRENT_PROJECT_VERSION = 1;
				DEVELOPMENT_TEAM = 7NLS34A7F5;
				GENERATE_INFOPLIST_FILE = YES;
				INFOPLIST_FILE = GiantLoggetWatchWidgets/Info.plist;
				INFOPLIST_KEY_CFBundleDisplayName = GiantLoggetWatchWidgets;
				INFOPLIST_KEY_NSHumanReadableCopyright = "";
				LD_RUNPATH_SEARCH_PATHS = (
					"$(inherited)",
					"@executable_path/Frameworks",
					"@executable_path/../../Frameworks",
					"@executable_path/../../../../Frameworks",
				);
				MARKETING_VERSION = 1.0;
				PRODUCT_BUNDLE_IDENTIFIER = dk.hilli.GiantLogger.watchkitapp.GiantLoggetWatchWidgets;
				PRODUCT_NAME = "$(TARGET_NAME)";
				SDKROOT = watchos;
				SKIP_INSTALL = YES;
				STRING_CATALOG_GENERATE_SYMBOLS = YES;
				SWIFT_APPROACHABLE_CONCURRENCY = YES;
				SWIFT_EMIT_LOC_STRINGS = YES;
				SWIFT_UPCOMING_FEATURE_MEMBER_IMPORT_VISIBILITY = YES;
				SWIFT_VERSION = 5.0;
				TARGETED_DEVICE_FAMILY = 4;
				WATCHOS_DEPLOYMENT_TARGET = 26.2;
			};
			name = Release;
		};
		DEB000000000000000000001 /* Debug */ = {
			isa = XCBuildConfiguration;
			buildSettings = {
				ALWAYS_SEARCH_USER_PATHS = NO;
				ASSETCATALOG_COMPILER_GENERATE_SWIFT_ASSET_SYMBOL_EXTENSIONS = YES;
				CLANG_ANALYZER_NONNULL = YES;
				CLANG_ANALYZER_NUMBER_OBJECT_CONVERSION = YES_AGGRESSIVE;
				CLANG_CXX_LANGUAGE_STANDARD = "gnu++20";
				CLANG_ENABLE_MODULES = YES;
				CLANG_ENABLE_OBJC_ARC = YES;
				CLANG_ENABLE_OBJC_WEAK = YES;
				CLANG_WARN_BLOCK_CAPTURE_AUTORELEASING = YES;
				CLANG_WARN_BOOL_CONVERSION = YES;
				CLANG_WARN_COMMA = YES;
				CLANG_WARN_CONSTANT_CONVERSION = YES;
				CLANG_WARN_DEPRECATED_OBJC_IMPLEMENTATIONS = YES;
				CLANG_WARN_DIRECT_OBJC_ISA_USAGE = YES_ERROR;
				CLANG_WARN_DOCUMENTATION_COMMENTS = YES;
				CLANG_WARN_EMPTY_BODY = YES;
				CLANG_WARN_ENUM_CONVERSION = YES;
				CLANG_WARN_INFINITE_RECURSION = YES;
				CLANG_WARN_INT_CONVERSION = YES;
				CLANG_WARN_NON_LITERAL_NULL_CONVERSION = YES;
				CLANG_WARN_OBJC_IMPLICIT_RETAIN_SELF = YES;
				CLANG_WARN_OBJC_LITERAL_CONVERSION = YES;
				CLANG_WARN_OBJC_ROOT_CLASS = YES_ERROR;
				CLANG_WARN_QUOTED_INCLUDE_IN_FRAMEWORK_HEADER = YES;
				CLANG_WARN_RANGE_LOOP_ANALYSIS = YES;
				CLANG_WARN_STRICT_PROTOTYPES = YES;
				CLANG_WARN_SUSPICIOUS_MOVE = YES;
				CLANG_WARN_UNGUARDED_AVAILABILITY = YES_AGGRESSIVE;
				CLANG_WARN_UNREACHABLE_CODE = YES;
				CLANG_WARN__DUPLICATE_METHOD_MATCH = YES;
				COPY_PHASE_STRIP = NO;
				DEBUG_INFORMATION_FORMAT = dwarf;
				ENABLE_STRICT_OBJC_MSGSEND = YES;
				ENABLE_TESTABILITY = YES;
				ENABLE_USER_SCRIPT_SANDBOXING = YES;
				GCC_C_LANGUAGE_STANDARD = gnu17;
				GCC_DYNAMIC_NO_PIC = NO;
				GCC_NO_COMMON_BLOCKS = YES;
				GCC_OPTIMIZATION_LEVEL = 0;
				GCC_PREPROCESSOR_DEFINITIONS = (
					"DEBUG=1",
					"$(inherited)",
				);
				GCC_WARN_64_TO_32_BIT_CONVERSION = YES;
				GCC_WARN_ABOUT_RETURN_TYPE = YES_ERROR;
				GCC_WARN_UNDECLARED_SELECTOR = YES;
				GCC_WARN_UNINITIALIZED_AUTOS = YES_AGGRESSIVE;
				GCC_WARN_UNUSED_FUNCTION = YES;
				GCC_WARN_UNUSED_VARIABLE = YES;
				IPHONEOS_DEPLOYMENT_TARGET = 17.0;
				LOCALIZATION_PREFERS_STRING_CATALOGS = YES;
				MTL_ENABLE_DEBUG_INFO = INCLUDE_SOURCE;
				MTL_FAST_MATH = YES;
				ONLY_ACTIVE_ARCH = YES;
				SDKROOT = iphoneos;
				SWIFT_ACTIVE_COMPILATION_CONDITIONS = "DEBUG $(inherited)";
				SWIFT_OPTIMIZATION_LEVEL = "-Onone";
			};
			name = Debug;
		};
		DEB000000000000000000002 /* Debug */ = {
			isa = XCBuildConfiguration;
			buildSettings = {
				ASSETCATALOG_COMPILER_APPICON_NAME = AppIcon;
				ASSETCATALOG_COMPILER_GLOBAL_ACCENT_COLOR_NAME = AccentColor;
				CODE_SIGN_ENTITLEMENTS = GiantLogger/GiantLogger.entitlements;
				CODE_SIGN_IDENTITY = "Apple Development";
				CODE_SIGN_STYLE = Automatic;
				CURRENT_PROJECT_VERSION = 1;
				DEVELOPMENT_ASSET_PATHS = "\"GiantLogger/Preview Content\"";
				DEVELOPMENT_TEAM = 7NLS34A7F5;
				ENABLE_PREVIEWS = YES;
				GENERATE_INFOPLIST_FILE = YES;
				INFOPLIST_FILE = GiantLogger/Info.plist;
				INFOPLIST_KEY_CFBundleDisplayName = "Giant Buddy";
				INFOPLIST_KEY_LSApplicationCategoryType = "public.app-category.healthcare-fitness";
				INFOPLIST_KEY_NSBluetoothAlwaysUsageDescription = "Giant Logger needs Bluetooth to communicate with your Giant e-bike via BLE.";
				INFOPLIST_KEY_NSContactsUsageDescription = "Giant Buddy needs access to your contacts to set up emergency contacts for crash detection.";
				INFOPLIST_KEY_NSHealthShareUsageDescription = "Giant Buddy reads workout data to display your cycling history.";
				INFOPLIST_KEY_NSHealthUpdateUsageDescription = "Giant Buddy saves your cycling workouts to Apple Health so they appear in Fitness.";
				INFOPLIST_KEY_NSLocationAlwaysAndWhenInUseUsageDescription = "Giant Buddy uses your location to record GPS tracks during rides, even when the app is in the background.";
				INFOPLIST_KEY_NSLocationWhenInUseUsageDescription = "Giant Buddy uses your location to record GPS tracks during rides.";
				INFOPLIST_KEY_NSMotionUsageDescription = "Giant Buddy uses motion data to detect potential crashes while riding and alert your emergency contacts.";
				INFOPLIST_KEY_NSSupportsLiveActivities = YES;
				INFOPLIST_KEY_UIApplicationSceneManifest_Generation = YES;
				INFOPLIST_KEY_UIApplicationSupportsIndirectInputEvents = YES;
				INFOPLIST_KEY_UILaunchScreen_Generation = YES;
				INFOPLIST_KEY_UISupportedInterfaceOrientations_iPad = "UIInterfaceOrientationPortrait UIInterfaceOrientationPortraitUpsideDown UIInterfaceOrientationLandscapeLeft UIInterfaceOrientationLandscapeRight";
				INFOPLIST_KEY_UISupportedInterfaceOrientations_iPhone = "UIInterfaceOrientationPortrait UIInterfaceOrientationLandscapeLeft UIInterfaceOrientationLandscapeRight";
				LD_RUNPATH_SEARCH_PATHS = (
					"$(inherited)",
					"@executable_path/Frameworks",
				);
				MARKETING_VERSION = 1.0;
				PRODUCT_BUNDLE_IDENTIFIER = dk.hilli.GiantLogger;
				PRODUCT_NAME = "$(TARGET_NAME)";
				PROVISIONING_PROFILE_SPECIFIER = "";
				SWIFT_EMIT_LOC_STRINGS = YES;
				SWIFT_VERSION = 5.0;
				TARGETED_DEVICE_FAMILY = "1,2";
			};
			name = Debug;
		};
		REL000000000000000000001 /* Release */ = {
			isa = XCBuildConfiguration;
			buildSettings = {
				ALWAYS_SEARCH_USER_PATHS = NO;
				ASSETCATALOG_COMPILER_GENERATE_SWIFT_ASSET_SYMBOL_EXTENSIONS = YES;
				CLANG_ANALYZER_NONNULL = YES;
				CLANG_ANALYZER_NUMBER_OBJECT_CONVERSION = YES_AGGRESSIVE;
				CLANG_CXX_LANGUAGE_STANDARD = "gnu++20";
				CLANG_ENABLE_MODULES = YES;
				CLANG_ENABLE_OBJC_ARC = YES;
				CLANG_ENABLE_OBJC_WEAK = YES;
				CLANG_WARN_BLOCK_CAPTURE_AUTORELEASING = YES;
				CLANG_WARN_BOOL_CONVERSION = YES;
				CLANG_WARN_COMMA = YES;
				CLANG_WARN_CONSTANT_CONVERSION = YES;
				CLANG_WARN_DEPRECATED_OBJC_IMPLEMENTATIONS = YES;
				CLANG_WARN_DIRECT_OBJC_ISA_USAGE = YES_ERROR;
				CLANG_WARN_DOCUMENTATION_COMMENTS = YES;
				CLANG_WARN_EMPTY_BODY = YES;
				CLANG_WARN_ENUM_CONVERSION = YES;
				CLANG_WARN_INFINITE_RECURSION = YES;
				CLANG_WARN_INT_CONVERSION = YES;
				CLANG_WARN_NON_LITERAL_NULL_CONVERSION = YES;
				CLANG_WARN_OBJC_IMPLICIT_RETAIN_SELF = YES;
				CLANG_WARN_OBJC_LITERAL_CONVERSION = YES;
				CLANG_WARN_OBJC_ROOT_CLASS = YES_ERROR;
				CLANG_WARN_QUOTED_INCLUDE_IN_FRAMEWORK_HEADER = YES;
				CLANG_WARN_RANGE_LOOP_ANALYSIS = YES;
				CLANG_WARN_STRICT_PROTOTYPES = YES;
				CLANG_WARN_SUSPICIOUS_MOVE = YES;
				CLANG_WARN_UNGUARDED_AVAILABILITY = YES_AGGRESSIVE;
				CLANG_WARN_UNREACHABLE_CODE = YES;
				CLANG_WARN__DUPLICATE_METHOD_MATCH = YES;
				COPY_PHASE_STRIP = NO;
				DEBUG_INFORMATION_FORMAT = "dwarf-with-dsym";
				ENABLE_NS_ASSERTIONS = NO;
				ENABLE_STRICT_OBJC_MSGSEND = YES;
				ENABLE_USER_SCRIPT_SANDBOXING = YES;
				GCC_C_LANGUAGE_STANDARD = gnu17;
				GCC_NO_COMMON_BLOCKS = YES;
				GCC_WARN_64_TO_32_BIT_CONVERSION = YES;
				GCC_WARN_ABOUT_RETURN_TYPE = YES_ERROR;
				GCC_WARN_UNDECLARED_SELECTOR = YES;
				GCC_WARN_UNINITIALIZED_AUTOS = YES_AGGRESSIVE;
				GCC_WARN_UNUSED_FUNCTION = YES;
				GCC_WARN_UNUSED_VARIABLE = YES;
				IPHONEOS_DEPLOYMENT_TARGET = 17.0;
				LOCALIZATION_PREFERS_STRING_CATALOGS = YES;
				MTL_ENABLE_DEBUG_INFO = NO;
				MTL_FAST_MATH = YES;
				SDKROOT = iphoneos;
				SWIFT_COMPILATION_MODE = wholemodule;
				VALIDATE_PRODUCT = YES;
			};
			name = Release;
		};
		REL000000000000000000002 /* Release */ = {
			isa = XCBuildConfiguration;
			buildSettings = {
				ASSETCATALOG_COMPILER_APPICON_NAME = AppIcon;
				ASSETCATALOG_COMPILER_GLOBAL_ACCENT_COLOR_NAME = AccentColor;
				CODE_SIGN_ENTITLEMENTS = GiantLogger/GiantLogger.entitlements;
				CODE_SIGN_IDENTITY = "Apple Development";
				CODE_SIGN_STYLE = Automatic;
				CURRENT_PROJECT_VERSION = 1;
				DEVELOPMENT_ASSET_PATHS = "\"GiantLogger/Preview Content\"";
				DEVELOPMENT_TEAM = 7NLS34A7F5;
				ENABLE_PREVIEWS = YES;
				GENERATE_INFOPLIST_FILE = YES;
				INFOPLIST_FILE = GiantLogger/Info.plist;
				INFOPLIST_KEY_CFBundleDisplayName = "Giant Buddy";
				INFOPLIST_KEY_LSApplicationCategoryType = "public.app-category.healthcare-fitness";
				INFOPLIST_KEY_NSBluetoothAlwaysUsageDescription = "Giant Logger needs Bluetooth to communicate with your Giant e-bike via BLE.";
				INFOPLIST_KEY_NSContactsUsageDescription = "Giant Buddy needs access to your contacts to set up emergency contacts for crash detection.";
				INFOPLIST_KEY_NSHealthShareUsageDescription = "Giant Buddy reads workout data to display your cycling history.";
				INFOPLIST_KEY_NSHealthUpdateUsageDescription = "Giant Buddy saves your cycling workouts to Apple Health so they appear in Fitness.";
				INFOPLIST_KEY_NSLocationAlwaysAndWhenInUseUsageDescription = "Giant Buddy uses your location to record GPS tracks during rides, even when the app is in the background.";
				INFOPLIST_KEY_NSLocationWhenInUseUsageDescription = "Giant Buddy uses your location to record GPS tracks during rides.";
				INFOPLIST_KEY_NSMotionUsageDescription = "Giant Buddy uses motion data to detect potential crashes while riding and alert your emergency contacts.";
				INFOPLIST_KEY_NSSupportsLiveActivities = YES;
				INFOPLIST_KEY_UIApplicationSceneManifest_Generation = YES;
				INFOPLIST_KEY_UIApplicationSupportsIndirectInputEvents = YES;
				INFOPLIST_KEY_UILaunchScreen_Generation = YES;
				INFOPLIST_KEY_UISupportedInterfaceOrientations_iPad = "UIInterfaceOrientationPortrait UIInterfaceOrientationPortraitUpsideDown UIInterfaceOrientationLandscapeLeft UIInterfaceOrientationLandscapeRight";
				INFOPLIST_KEY_UISupportedInterfaceOrientations_iPhone = "UIInterfaceOrientationPortrait UIInterfaceOrientationLandscapeLeft UIInterfaceOrientationLandscapeRight";
				LD_RUNPATH_SEARCH_PATHS = (
					"$(inherited)",
					"@executable_path/Frameworks",
				);
				MARKETING_VERSION = 1.0;
				PRODUCT_BUNDLE_IDENTIFIER = dk.hilli.GiantLogger;
				PRODUCT_NAME = "$(TARGET_NAME)";
				PROVISIONING_PROFILE_SPECIFIER = "";
				SWIFT_EMIT_LOC_STRINGS = YES;
				SWIFT_VERSION = 5.0;
				TARGETED_DEVICE_FAMILY = "1,2";
			};
			name = Release;
		};
/* End XCBuildConfiguration section */

/* Begin XCConfigurationList section */
		2F1294EC2F5D7B2A009FF090 /* Build configuration list for PBXNativeTarget "dk.hilli.GiantLogger.widget-iosExtension" */ = {
			isa = XCConfigurationList;
			buildConfigurations = (
				2F1294ED2F5D7B2A009FF090 /* Debug */,
				2F1294EE2F5D7B2A009FF090 /* Release */,
			);
			defaultConfigurationIsVisible = 0;
			defaultConfigurationName = Release;
		};
		2F12976B2F5DBFF7009FF090 /* Build configuration list for PBXNativeTarget "GiantLogger Watch App Watch App" */ = {
			isa = XCConfigurationList;
			buildConfigurations = (
				2F1297692F5DBFF7009FF090 /* Debug */,
				2F12976A2F5DBFF7009FF090 /* Release */,
			);
			defaultConfigurationIsVisible = 0;
			defaultConfigurationName = Release;
		};
		2F5419892F5F37FD00138852 /* Build configuration list for PBXNativeTarget "GiantLoggetWatchWidgetsExtension" */ = {
			isa = XCConfigurationList;
			buildConfigurations = (
				2F54198A2F5F37FD00138852 /* Debug */,
				2F54198B2F5F37FD00138852 /* Release */,
			);
			defaultConfigurationIsVisible = 0;
			defaultConfigurationName = Release;
		};
		BCL000000000000000000001 /* Build configuration list for PBXProject "GiantLogger" */ = {
			isa = XCConfigurationList;
			buildConfigurations = (
				DEB000000000000000000001 /* Debug */,
				REL000000000000000000001 /* Release */,
			);
			defaultConfigurationIsVisible = 0;
			defaultConfigurationName = Release;
		};
		BCL000000000000000000002 /* Build configuration list for PBXNativeTarget "GiantLogger" */ = {
			isa = XCConfigurationList;
			buildConfigurations = (
				DEB000000000000000000002 /* Debug */,
				REL000000000000000000002 /* Release */,
			);
			defaultConfigurationIsVisible = 0;
			defaultConfigurationName = Release;
		};
/* End XCConfigurationList section */
	};
	rootObject = PRJ000000000000000000001 /* Project object */;
}
